
Microsoft Visual Studio Solution File, Format Version 12.00
Project("{2150E333-8FDC-42A3-9474-1A3956D46DE8}") = "Lesson2", "Lesson2", "{47CFB54C-1AEB-4888-A889-8D45FA20A17D}"
EndProject
Project("{FAE04EC0-301F-11D3-BF4B-00C04F79EFBC}") = "Lesson2_timeInSecond", "Lesson2\Lesson2_timeInSecond\Lesson2_timeInSecond.csproj", "{8410B2AA-EACD-4C5F-ADAD-B08F26524604}"
EndProject
Project("{FAE04EC0-301F-11D3-BF4B-00C04F79EFBC}") = "Lesson2_infoAboutBook", "Lesson2\Lesson2_infoAboutBook\Lesson2_infoAboutBook.csproj", "{5374617B-AA37-418A-8ECC-9C0F845467C0}"
EndProject
Project("{FAE04EC0-301F-11D3-BF4B-00C04F79EFBC}") = "Lesson2_discount", "Lesson2\Lesson2_discount\Lesson2_discount.csproj", "{385BD39B-34F2-4B8A-9DED-18E4FDD5E218}"
EndProject
Project("{2150E333-8FDC-42A3-9474-1A3956D46DE8}") = "Lesson3", "Lesson3", "{38523E40-7F5B-4D28-A04A-0BE5AC5F63D4}"
EndProject
Project("{FAE04EC0-301F-11D3-BF4B-00C04F79EFBC}") = "Lesson3_hm_1", "Lesson3\Lesson3_hm_1\Lesson3_hm_1.csproj", "{9F506579-C5C7-4BA5-ABD6-7166DA343A35}"
EndProject
Global
	GlobalSection(SolutionConfigurationPlatforms) = preSolution
		Debug|Any CPU = Debug|Any CPU
		Release|Any CPU = Release|Any CPU
	EndGlobalSection
	GlobalSection(ProjectConfigurationPlatforms) = postSolution
		{8410B2AA-EACD-4C5F-ADAD-B08F26524604}.Debug|Any CPU.ActiveCfg = Debug|Any CPU
		{8410B2AA-EACD-4C5F-ADAD-B08F26524604}.Debug|Any CPU.Build.0 = Debug|Any CPU
		{8410B2AA-EACD-4C5F-ADAD-B08F26524604}.Release|Any CPU.ActiveCfg = Release|Any CPU
		{8410B2AA-EACD-4C5F-ADAD-B08F26524604}.Release|Any CPU.Build.0 = Release|Any CPU
		{5374617B-AA37-418A-8ECC-9C0F845467C0}.Debug|Any CPU.ActiveCfg = Debug|Any CPU
		{5374617B-AA37-418A-8ECC-9C0F845467C0}.Debug|Any CPU.Build.0 = Debug|Any CPU
		{5374617B-AA37-418A-8ECC-9C0F845467C0}.Release|Any CPU.ActiveCfg = Release|Any CPU
		{5374617B-AA37-418A-8ECC-9C0F845467C0}.Release|Any CPU.Build.0 = Release|Any CPU
		{385BD39B-34F2-4B8A-9DED-18E4FDD5E218}.Debug|Any CPU.ActiveCfg = Debug|Any CPU
		{385BD39B-34F2-4B8A-9DED-18E4FDD5E218}.Debug|Any CPU.Build.0 = Debug|Any CPU
		{385BD39B-34F2-4B8A-9DED-18E4FDD5E218}.Release|Any CPU.ActiveCfg = Release|Any CPU
		{385BD39B-34F2-4B8A-9DED-18E4FDD5E218}.Release|Any CPU.Build.0 = Release|Any CPU
		{9F506579-C5C7-4BA5-ABD6-7166DA343A35}.Debug|Any CPU.ActiveCfg = Debug|Any CPU
		{9F506579-C5C7-4BA5-ABD6-7166DA343A35}.Debug|Any CPU.Build.0 = Debug|Any CPU
		{9F506579-C5C7-4BA5-ABD6-7166DA343A35}.Release|Any CPU.ActiveCfg = Release|Any CPU
		{9F506579-C5C7-4BA5-ABD6-7166DA343A35}.Release|Any CPU.Build.0 = Release|Any CPU
	EndGlobalSection
	GlobalSection(NestedProjects) = preSolution
		{8410B2AA-EACD-4C5F-ADAD-B08F26524604} = {47CFB54C-1AEB-4888-A889-8D45FA20A17D}
		{5374617B-AA37-418A-8ECC-9C0F845467C0} = {47CFB54C-1AEB-4888-A889-8D45FA20A17D}
		{385BD39B-34F2-4B8A-9DED-18E4FDD5E218} = {47CFB54C-1AEB-4888-A889-8D45FA20A17D}
		{9F506579-C5C7-4BA5-ABD6-7166DA343A35} = {38523E40-7F5B-4D28-A04A-0BE5AC5F63D4}
	EndGlobalSection
EndGlobal
